
Microsoft Visual Studio Solution File, Format Version 12.00
# Visual Studio 15
VisualStudioVersion = 15.0.28307.539
MinimumVisualStudioVersion = 10.0.40219.1
Project("{FAE04EC0-301F-11D3-BF4B-00C04F79EFBC}") = "jacDB.Client.Repl", "jacDB.Client.Repl\jacDB.Client.Repl.csproj", "{F8428DA5-B89F-422A-9D88-E8CB9162F8CD}"
EndProject
Project("{FAE04EC0-301F-11D3-BF4B-00C04F79EFBC}") = "jacDb.Client", "jacDb.Client\jacDb.Client.csproj", "{269C68B0-DC03-46FC-A544-6472C06C5F61}"
EndProject
Project("{FAE04EC0-301F-11D3-BF4B-00C04F79EFBC}") = "jacDB.Core", "jacDB.Core\jacDB.Core.csproj", "{01DC41C8-309F-4BD9-9FCE-6C8E6716D777}"
EndProject
Project("{FAE04EC0-301F-11D3-BF4B-00C04F79EFBC}") = "jacDB.Server", "jacDB.Server\jacDB.Server.csproj", "{9A5BB5D6-C274-4BA0-B968-0742AFB6A3E5}"
EndProject
Global
	GlobalSection(SolutionConfigurationPlatforms) = preSolution
		Debug|Any CPU = Debug|Any CPU
		Release|Any CPU = Release|Any CPU
	EndGlobalSection
	GlobalSection(ProjectConfigurationPlatforms) = postSolution
		{F8428DA5-B89F-422A-9D88-E8CB9162F8CD}.Debug|Any CPU.ActiveCfg = Debug|Any CPU
		{F8428DA5-B89F-422A-9D88-E8CB9162F8CD}.Debug|Any CPU.Build.0 = Debug|Any CPU
		{F8428DA5-B89F-422A-9D88-E8CB9162F8CD}.Release|Any CPU.ActiveCfg = Release|Any CPU
		{F8428DA5-B89F-422A-9D88-E8CB9162F8CD}.Release|Any CPU.Build.0 = Release|Any CPU
		{269C68B0-DC03-46FC-A544-6472C06C5F61}.Debug|Any CPU.ActiveCfg = Debug|Any CPU
		{269C68B0-DC03-46FC-A544-6472C06C5F61}.Debug|Any CPU.Build.0 = Debug|Any CPU
		{269C68B0-DC03-46FC-A544-6472C06C5F61}.Release|Any CPU.ActiveCfg = Release|Any CPU
		{269C68B0-DC03-46FC-A544-6472C06C5F61}.Release|Any CPU.Build.0 = Release|Any CPU
		{01DC41C8-309F-4BD9-9FCE-6C8E6716D777}.Debug|Any CPU.ActiveCfg = Debug|Any CPU
		{01DC41C8-309F-4BD9-9FCE-6C8E6716D777}.Debug|Any CPU.Build.0 = Debug|Any CPU
		{01DC41C8-309F-4BD9-9FCE-6C8E6716D777}.Release|Any CPU.ActiveCfg = Release|Any CPU
		{01DC41C8-309F-4BD9-9FCE-6C8E6716D777}.Release|Any CPU.Build.0 = Release|Any CPU
		{9A5BB5D6-C274-4BA0-B968-0742AFB6A3E5}.Debug|Any CPU.ActiveCfg = Debug|Any CPU
		{9A5BB5D6-C274-4BA0-B968-0742AFB6A3E5}.Debug|Any CPU.Build.0 = Debug|Any CPU
		{9A5BB5D6-C274-4BA0-B968-0742AFB6A3E5}.Release|Any CPU.ActiveCfg = Release|Any CPU
		{9A5BB5D6-C274-4BA0-B968-0742AFB6A3E5}.Release|Any CPU.Build.0 = Release|Any CPU
	EndGlobalSection
	GlobalSection(SolutionProperties) = preSolution
		HideSolutionNode = FALSE
	EndGlobalSection
	GlobalSection(ExtensibilityGlobals) = postSolution
		SolutionGuid = {93544684-E184-4D25-940C-BDFA6546FF80}
	EndGlobalSection
EndGlobal
